{
  "version": 4,
  "terraform_version": "1.14.4",
  "serial": 16,
  "lineage": "3b438c52-3e69-85c9-8b48-fb913ab3d52e",
  "outputs": {},
  "resources": [
    {
      "mode": "managed",
      "type": "azurerm_application_gateway",
      "name": "apl_gat",
      "provider": "provider[\"registry.terraform.io/hashicorp/azurerm\"]",
      "instances": [
        {
          "schema_version": 0,
          "attributes": {
            "authentication_certificate": [],
            "autoscale_configuration": [],
            "backend_address_pool": [
              {
                "fqdns": [],
                "id": "/subscriptions/49d2bd9c-5be0-4c28-a6e2-ffe4f7581910/resourceGroups/rg-1/providers/Microsoft.Network/applicationGateways/appli_gate/backendAddressPools/backend-pool",
                "ip_addresses": [],
                "name": "backend-pool"
              }
            ],
            "backend_http_settings": [
              {
                "affinity_cookie_name": "",
                "authentication_certificate": [],
                "connection_draining": [],
                "cookie_based_affinity": "Disabled",
                "dedicated_backend_connection_enabled": false,
                "host_name": "",
                "id": "/subscriptions/49d2bd9c-5be0-4c28-a6e2-ffe4f7581910/resourceGroups/rg-1/providers/Microsoft.Network/applicationGateways/appli_gate/backendHttpSettingsCollection/http-settings",
                "name": "http-settings",
                "path": "",
                "pick_host_name_from_backend_address": false,
                "port": 80,
                "probe_id": "",
                "probe_name": "",
                "protocol": "Http",
                "request_timeout": 60,
                "trusted_root_certificate_names": []
              }
            ],
            "custom_error_configuration": [],
            "enable_http2": false,
            "fips_enabled": false,
            "firewall_policy_id": "",
            "force_firewall_policy_association": false,
            "frontend_ip_configuration": [
              {
                "id": "/subscriptions/49d2bd9c-5be0-4c28-a6e2-ffe4f7581910/resourceGroups/rg-1/providers/Microsoft.Network/applicationGateways/appli_gate/frontendIPConfigurations/frontend-ip",
                "name": "frontend-ip",
                "private_ip_address": "",
                "private_ip_address_allocation": "Dynamic",
                "private_link_configuration_id": "",
                "private_link_configuration_name": "",
                "public_ip_address_id": "/subscriptions/49d2bd9c-5be0-4c28-a6e2-ffe4f7581910/resourceGroups/rg-1/providers/Microsoft.Network/publicIPAddresses/publ_ip",
                "subnet_id": ""
              }
            ],
            "frontend_port": [
              {
                "id": "/subscriptions/49d2bd9c-5be0-4c28-a6e2-ffe4f7581910/resourceGroups/rg-1/providers/Microsoft.Network/applicationGateways/appli_gate/frontendPorts/frontend-port",
                "name": "frontend-port",
                "port": 80
              }
            ],
            "gateway_ip_configuration": [
              {
                "id": "/subscriptions/49d2bd9c-5be0-4c28-a6e2-ffe4f7581910/resourceGroups/rg-1/providers/Microsoft.Network/applicationGateways/appli_gate/gatewayIPConfigurations/appgw-ip-config",
                "name": "appgw-ip-config",
                "subnet_id": "/subscriptions/49d2bd9c-5be0-4c28-a6e2-ffe4f7581910/resourceGroups/rg-1/providers/Microsoft.Network/virtualNetworks/vartual_vn/subnets/sub-1"
              }
            ],
            "global": [],
            "http_listener": [
              {
                "custom_error_configuration": [],
                "firewall_policy_id": "",
                "frontend_ip_configuration_id": "/subscriptions/49d2bd9c-5be0-4c28-a6e2-ffe4f7581910/resourceGroups/rg-1/providers/Microsoft.Network/applicationGateways/appli_gate/frontendIPConfigurations/frontend-ip",
                "frontend_ip_configuration_name": "frontend-ip",
                "frontend_port_id": "/subscriptions/49d2bd9c-5be0-4c28-a6e2-ffe4f7581910/resourceGroups/rg-1/providers/Microsoft.Network/applicationGateways/appli_gate/frontendPorts/frontend-port",
                "frontend_port_name": "frontend-port",
                "host_name": "",
                "host_names": [],
                "id": "/subscriptions/49d2bd9c-5be0-4c28-a6e2-ffe4f7581910/resourceGroups/rg-1/providers/Microsoft.Network/applicationGateways/appli_gate/httpListeners/http-listener",
                "name": "http-listener",
                "protocol": "Http",
                "require_sni": false,
                "ssl_certificate_id": "",
                "ssl_certificate_name": "",
                "ssl_profile_id": "",
                "ssl_profile_name": ""
              }
            ],
            "id": "/subscriptions/49d2bd9c-5be0-4c28-a6e2-ffe4f7581910/resourceGroups/rg-1/providers/Microsoft.Network/applicationGateways/appli_gate",
            "identity": [],
            "location": "eastus",
            "name": "appli_gate",
            "private_endpoint_connection": [],
            "private_link_configuration": [],
            "probe": [],
            "redirect_configuration": [],
            "request_routing_rule": [
              {
                "backend_address_pool_id": "/subscriptions/49d2bd9c-5be0-4c28-a6e2-ffe4f7581910/resourceGroups/rg-1/providers/Microsoft.Network/applicationGateways/appli_gate/backendAddressPools/backend-pool",
                "backend_address_pool_name": "backend-pool",
                "backend_http_settings_id": "/subscriptions/49d2bd9c-5be0-4c28-a6e2-ffe4f7581910/resourceGroups/rg-1/providers/Microsoft.Network/applicationGateways/appli_gate/backendHttpSettingsCollection/http-settings",
                "backend_http_settings_name": "http-settings",
                "http_listener_id": "/subscriptions/49d2bd9c-5be0-4c28-a6e2-ffe4f7581910/resourceGroups/rg-1/providers/Microsoft.Network/applicationGateways/appli_gate/httpListeners/http-listener",
                "http_listener_name": "http-listener",
                "id": "/subscriptions/49d2bd9c-5be0-4c28-a6e2-ffe4f7581910/resourceGroups/rg-1/providers/Microsoft.Network/applicationGateways/appli_gate/requestRoutingRules/rule1",
                "name": "rule1",
                "priority": 100,
                "redirect_configuration_id": "",
                "redirect_configuration_name": "",
                "rewrite_rule_set_id": "",
                "rewrite_rule_set_name": "",
                "rule_type": "Basic",
                "url_path_map_id": "",
                "url_path_map_name": ""
              }
            ],
            "resource_group_name": "rg-1",
            "rewrite_rule_set": [],
            "sku": [
              {
                "capacity": 2,
                "name": "Standard_v2",
                "tier": "Standard_v2"
              }
            ],
            "ssl_certificate": [],
            "ssl_policy": [
              {
                "cipher_suites": [],
                "disabled_protocols": [],
                "min_protocol_version": "",
                "policy_name": "AppGwSslPolicy20220101",
                "policy_type": "Predefined"
              }
            ],
            "ssl_profile": [],
            "tags": null,
            "timeouts": null,
            "trusted_client_certificate": [],
            "trusted_root_certificate": [],
            "url_path_map": [],
            "waf_configuration": [],
            "zones": null
          },
          "sensitive_attributes": [],
          "identity_schema_version": 0,
          "identity": {
            "name": "appli_gate",
            "resource_group_name": "rg-1",
            "subscription_id": "49d2bd9c-5be0-4c28-a6e2-ffe4f7581910"
          },
          "private": "eyJlMmJmYjczMC1lY2FhLTExZTYtOGY4OC0zNDM2M2JjN2M0YzAiOnsiY3JlYXRlIjo1NDAwMDAwMDAwMDAwLCJkZWxldGUiOjU0MDAwMDAwMDAwMDAsInJlYWQiOjMwMDAwMDAwMDAwMCwidXBkYXRlIjo1NDAwMDAwMDAwMDAwfX0=",
          "dependencies": [
            "azurerm_public_ip.pip_id",
            "azurerm_resource_group.rg",
            "azurerm_subnet.subnet",
            "azurerm_virtual_network.vn-1"
          ]
        }
      ]
    },
    {
      "mode": "managed",
      "type": "azurerm_public_ip",
      "name": "pip_id",
      "provider": "provider[\"registry.terraform.io/hashicorp/azurerm\"]",
      "instances": [
        {
          "schema_version": 0,
          "attributes": {
            "allocation_method": "Static",
            "ddos_protection_mode": "VirtualNetworkInherited",
            "ddos_protection_plan_id": null,
            "domain_name_label": null,
            "domain_name_label_scope": null,
            "edge_zone": "",
            "fqdn": null,
            "id": "/subscriptions/49d2bd9c-5be0-4c28-a6e2-ffe4f7581910/resourceGroups/rg-1/providers/Microsoft.Network/publicIPAddresses/publ_ip",
            "idle_timeout_in_minutes": 4,
            "ip_address": "40.76.102.6",
            "ip_tags": null,
            "ip_version": "IPv4",
            "location": "eastus",
            "name": "publ_ip",
            "public_ip_prefix_id": null,
            "resource_group_name": "rg-1",
            "reverse_fqdn": null,
            "sku": "Standard",
            "sku_tier": "Regional",
            "tags": {
              "environment": "Production"
            },
            "timeouts": null,
            "zones": null
          },
          "sensitive_attributes": [],
          "identity_schema_version": 0,
          "private": "eyJlMmJmYjczMC1lY2FhLTExZTYtOGY4OC0zNDM2M2JjN2M0YzAiOnsiY3JlYXRlIjoxODAwMDAwMDAwMDAwLCJkZWxldGUiOjE4MDAwMDAwMDAwMDAsInJlYWQiOjMwMDAwMDAwMDAwMCwidXBkYXRlIjoxODAwMDAwMDAwMDAwfX0=",
          "dependencies": [
            "azurerm_resource_group.rg"
          ]
        }
      ]
    },
    {
      "mode": "managed",
      "type": "azurerm_resource_group",
      "name": "rg",
      "provider": "provider[\"registry.terraform.io/hashicorp/azurerm\"]",
      "instances": [
        {
          "schema_version": 0,
          "attributes": {
            "id": "/subscriptions/49d2bd9c-5be0-4c28-a6e2-ffe4f7581910/resourceGroups/rg-1",
            "location": "eastus",
            "managed_by": "",
            "name": "rg-1",
            "tags": {},
            "timeouts": null
          },
          "sensitive_attributes": [],
          "identity_schema_version": 0,
          "identity": {
            "name": "rg-1",
            "subscription_id": "49d2bd9c-5be0-4c28-a6e2-ffe4f7581910"
          },
          "private": "eyJlMmJmYjczMC1lY2FhLTExZTYtOGY4OC0zNDM2M2JjN2M0YzAiOnsiY3JlYXRlIjo1NDAwMDAwMDAwMDAwLCJkZWxldGUiOjU0MDAwMDAwMDAwMDAsInJlYWQiOjMwMDAwMDAwMDAwMCwidXBkYXRlIjo1NDAwMDAwMDAwMDAwfX0="
        }
      ]
    },
    {
      "mode": "managed",
      "type": "azurerm_subnet",
      "name": "subnet",
      "provider": "provider[\"registry.terraform.io/hashicorp/azurerm\"]",
      "instances": [
        {
          "schema_version": 0,
          "attributes": {
            "address_prefixes": [
              "10.0.1.0/24"
            ],
            "default_outbound_access_enabled": true,
            "delegation": [],
            "id": "/subscriptions/49d2bd9c-5be0-4c28-a6e2-ffe4f7581910/resourceGroups/rg-1/providers/Microsoft.Network/virtualNetworks/vartual_vn/subnets/sub-1",
            "ip_address_pool": [],
            "name": "sub-1",
            "private_endpoint_network_policies": "Disabled",
            "private_link_service_network_policies_enabled": true,
            "resource_group_name": "rg-1",
            "service_endpoint_policy_ids": null,
            "service_endpoints": null,
            "sharing_scope": "",
            "timeouts": null,
            "virtual_network_name": "vartual_vn"
          },
          "sensitive_attributes": [],
          "identity_schema_version": 0,
          "identity": {
            "name": "sub-1",
            "resource_group_name": "rg-1",
            "subscription_id": "49d2bd9c-5be0-4c28-a6e2-ffe4f7581910",
            "virtual_network_name": "vartual_vn"
          },
          "private": "eyJlMmJmYjczMC1lY2FhLTExZTYtOGY4OC0zNDM2M2JjN2M0YzAiOnsiY3JlYXRlIjoxODAwMDAwMDAwMDAwLCJkZWxldGUiOjE4MDAwMDAwMDAwMDAsInJlYWQiOjMwMDAwMDAwMDAwMCwidXBkYXRlIjoxODAwMDAwMDAwMDAwfX0=",
          "dependencies": [
            "azurerm_resource_group.rg",
            "azurerm_virtual_network.vn-1"
          ]
        }
      ]
    },
    {
      "mode": "managed",
      "type": "azurerm_virtual_network",
      "name": "vn-1",
      "provider": "provider[\"registry.terraform.io/hashicorp/azurerm\"]",
      "instances": [
        {
          "schema_version": 0,
          "attributes": {
            "address_space": [
              "10.0.0.0/16"
            ],
            "bgp_community": "",
            "ddos_protection_plan": [],
            "dns_servers": [],
            "edge_zone": "",
            "encryption": [],
            "flow_timeout_in_minutes": 0,
            "guid": "25855844-e079-4ff2-8098-6a1a3c884ba3",
            "id": "/subscriptions/49d2bd9c-5be0-4c28-a6e2-ffe4f7581910/resourceGroups/rg-1/providers/Microsoft.Network/virtualNetworks/vartual_vn",
            "ip_address_pool": [],
            "location": "eastus",
            "name": "vartual_vn",
            "private_endpoint_vnet_policies": "Disabled",
            "resource_group_name": "rg-1",
            "subnet": [],
            "tags": null,
            "timeouts": null
          },
          "sensitive_attributes": [],
          "identity_schema_version": 0,
          "identity": {
            "name": "vartual_vn",
            "resource_group_name": "rg-1",
            "subscription_id": "49d2bd9c-5be0-4c28-a6e2-ffe4f7581910"
          },
          "private": "eyJlMmJmYjczMC1lY2FhLTExZTYtOGY4OC0zNDM2M2JjN2M0YzAiOnsiY3JlYXRlIjoxODAwMDAwMDAwMDAwLCJkZWxldGUiOjE4MDAwMDAwMDAwMDAsInJlYWQiOjMwMDAwMDAwMDAwMCwidXBkYXRlIjoxODAwMDAwMDAwMDAwfX0=",
          "dependencies": [
            "azurerm_resource_group.rg"
          ]
        }
      ]
    }
  ],
  "check_results": null
}
